{
  "name": "sky-office-types",
  "version": "1.0.0",
  "lockfileVersion": 3,
  "requires": true,
  "packages": {
    "": {
      "name": "sky-office-types",
      "version": "1.0.0",
      "license": "MIT",
      "dependencies": {
        "@colyseus/schema": "^1.0.28"
      }
    },
    "node_modules/@colyseus/schema": {
      "version": "1.0.34",
      "resolved": "https://registry.npmjs.org/@colyseus/schema/-/schema-1.0.34.tgz",
      "integrity": "sha512-2PfCqu9dJlfbkQsxGi9oM+fAmWpPeMLol6tazRdBxb5mj8QykUzRFMY4pipBlUB2tkQ4qidoRMQqjVHj2HznNg==",
      "license": "MIT",
      "bin": {
        "schema-codegen": "bin/schema-codegen"
      }
    }
  }
}
